
Microsoft Visual Studio Solution File, Format Version 12.00
# Visual Studio Version 17
VisualStudioVersion = 17.5.33516.290
MinimumVisualStudioVersion = 10.0.40219.1
Project("{FAE04EC0-301F-11D3-BF4B-00C04F79EFBC}") = "SpecFlowProject1", "SpecFlowProject1\SpecFlowProject1.csproj", "{340C378D-D83B-43F5-BCC0-60F8DA41C1A8}"
EndProject
Global
	GlobalSection(SolutionConfigurationPlatforms) = preSolution
		Debug|Any CPU = Debug|Any CPU
		Release|Any CPU = Release|Any CPU
	EndGlobalSection
	GlobalSection(ProjectConfigurationPlatforms) = postSolution
		{340C378D-D83B-43F5-BCC0-60F8DA41C1A8}.Debug|Any CPU.ActiveCfg = Debug|Any CPU
		{340C378D-D83B-43F5-BCC0-60F8DA41C1A8}.Debug|Any CPU.Build.0 = Debug|Any CPU
		{340C378D-D83B-43F5-BCC0-60F8DA41C1A8}.Release|Any CPU.ActiveCfg = Release|Any CPU
		{340C378D-D83B-43F5-BCC0-60F8DA41C1A8}.Release|Any CPU.Build.0 = Release|Any CPU
	EndGlobalSection
	GlobalSection(SolutionProperties) = preSolution
		HideSolutionNode = FALSE
	EndGlobalSection
	GlobalSection(ExtensibilityGlobals) = postSolution
		SolutionGuid = {BD7E601F-DE49-4562-A305-9CDB7EDCC6DA}
	EndGlobalSection
EndGlobal
